
Microsoft Visual Studio Solution File, Format Version 12.00
# Visual Studio Version 17
VisualStudioVersion = 17.13.35818.85 d17.13
MinimumVisualStudioVersion = 10.0.40219.1
Project("{FAE04EC0-301F-11D3-BF4B-00C04F79EFBC}") = "jurnal2", "jurnal2\jurnal2.csproj", "{901D3106-F03B-45F8-9A7A-B60D4B56890B}"
EndProject
Global
	GlobalSection(SolutionConfigurationPlatforms) = preSolution
		Debug|Any CPU = Debug|Any CPU
		Release|Any CPU = Release|Any CPU
	EndGlobalSection
	GlobalSection(ProjectConfigurationPlatforms) = postSolution
		{901D3106-F03B-45F8-9A7A-B60D4B56890B}.Debug|Any CPU.ActiveCfg = Debug|Any CPU
		{901D3106-F03B-45F8-9A7A-B60D4B56890B}.Debug|Any CPU.Build.0 = Debug|Any CPU
		{901D3106-F03B-45F8-9A7A-B60D4B56890B}.Release|Any CPU.ActiveCfg = Release|Any CPU
		{901D3106-F03B-45F8-9A7A-B60D4B56890B}.Release|Any CPU.Build.0 = Release|Any CPU
	EndGlobalSection
	GlobalSection(SolutionProperties) = preSolution
		HideSolutionNode = FALSE
	EndGlobalSection
	GlobalSection(ExtensibilityGlobals) = postSolution
		SolutionGuid = {332CE7D9-A6CC-41F1-BB77-A7EB6E6B7C59}
	EndGlobalSection
EndGlobal
